// !$*UTF8*$!
{
	archiveVersion = 1;
	classes = {
	};
	objectVersion = 46;
	objects = {

/* Begin PBXBuildFile section */
		B6606E1A1C49139300FDC479 /* main.m in Sources */ = {isa = PBXBuildFile; fileRef = B6606E191C49139300FDC479 /* main.m */; };
		B6606E1D1C49139300FDC479 /* AppDelegate.m in Sources */ = {isa = PBXBuildFile; fileRef = B6606E1C1C49139300FDC479 /* AppDelegate.m */; };
		B6606E201C49139300FDC479 /* ViewController.m in Sources */ = {isa = PBXBuildFile; fileRef = B6606E1F1C49139300FDC479 /* ViewController.m */; };
		B6606E231C49139300FDC479 /* Main.storyboard in Resources */ = {isa = PBXBuildFile; fileRef = B6606E211C49139300FDC479 /* Main.storyboard */; };
		B6606E251C49139300FDC479 /* Assets.xcassets in Resources */ = {isa = PBXBuildFile; fileRef = B6606E241C49139300FDC479 /* Assets.xcassets */; };
		B6606E281C49139300FDC479 /* LaunchScreen.storyboard in Resources */ = {isa = PBXBuildFile; fileRef = B6606E261C49139300FDC479 /* LaunchScreen.storyboard */; };
		B6606E331C49139300FDC479 /* TestStorybord_xibTests.m in Sources */ = {isa = PBXBuildFile; fileRef = B6606E321C49139300FDC479 /* TestStorybord_xibTests.m */; };
		B6606E3E1C49139300FDC479 /* TestStorybord_xibUITests.m in Sources */ = {isa = PBXBuildFile; fileRef = B6606E3D1C49139300FDC479 /* TestStorybord_xibUITests.m */; };
		B6606E4D1C49148300FDC479 /* SecondViewController.m in Sources */ = {isa = PBXBuildFile; fileRef = B6606E4C1C49148300FDC479 /* SecondViewController.m */; };
		B6606E511C49186800FDC479 /* ThreeViewController.m in Sources */ = {isa = PBXBuildFile; fileRef = B6606E4F1C49186800FDC479 /* ThreeViewController.m */; };
		B6606E521C49186800FDC479 /* ThreeViewController.xib in Resources */ = {isa = PBXBuildFile; fileRef = B6606E501C49186800FDC479 /* ThreeViewController.xib */; };
/* End PBXBuildFile section */

/* Begin PBXContainerItemProxy section */
		B6606E2F1C49139300FDC479 /* PBXContainerItemProxy */ = {
			isa = PBXContainerItemProxy;
			containerPortal = B6606E0D1C49139300FDC479 /* Project object */;
			proxyType = 1;
			remoteGlobalIDString = B6606E141C49139300FDC479;
			remoteInfo = TestStorybord_xib;
		};
		B6606E3A1C49139300FDC479 /* PBXContainerItemProxy */ = {
			isa = PBXContainerItemProxy;
			containerPortal = B6606E0D1C49139300FDC479 /* Project object */;
			proxyType = 1;
			remoteGlobalIDString = B6606E141C49139300FDC479;
			remoteInfo = TestStorybord_xib;
		};
/* End PBXContainerItemProxy section */

/* Begin PBXFileReference section */
		B6606E151C49139300FDC479 /* TestStorybord_xib.app */ = {isa = PBXFileReference; explicitFileType = wrapper.application; includeInIndex = 0; path = TestStorybord_xib.app; sourceTree = BUILT_PRODUCTS_DIR; };
		B6606E191C49139300FDC479 /* main.m */ = {isa = PBXFileReference; lastKnownFileType = sourcecode.c.objc; path = main.m; sourceTree = "<group>"; };
		B6606E1B1C49139300FDC479 /* AppDelegate.h */ = {isa = PBXFileReference; lastKnownFileType = sourcecode.c.h; path = AppDelegate.h; sourceTree = "<group>"; };
		B6606E1C1C49139300FDC479 /* AppDelegate.m */ = {isa = PBXFileReference; lastKnownFileType = sourcecode.c.objc; path = AppDelegate.m; sourceTree = "<group>"; };
		B6606E1E1C49139300FDC479 /* ViewController.h */ = {isa = PBXFileReference; lastKnownFileType = sourcecode.c.h; path = ViewController.h; sourceTree = "<group>"; };
		B6606E1F1C49139300FDC479 /* ViewController.m */ = {isa = PBXFileReference; lastKnownFileType = sourcecode.c.objc; path = ViewController.m; sourceTree = "<group>"; };
		B6606E221C49139300FDC479 /* Base */ = {isa = PBXFileReference; lastKnownFileType = file.storyboard; name = Base; path = Base.lproj/Main.storyboard; sourceTree = "<group>"; };
		B6606E241C49139300FDC479 /* Assets.xcassets */ = {isa = PBXFileReference; lastKnownFileType = folder.assetcatalog; path = Assets.xcassets; sourceTree = "<group>"; };
		B6606E271C49139300FDC479 /* Base */ = {isa = PBXFileReference; lastKnownFileType = file.storyboard; name = Base; path = Base.lproj/LaunchScreen.storyboard; sourceTree = "<group>"; };
		B6606E291C49139300FDC479 /* Info.plist */ = {isa = PBXFileReference; lastKnownFileType = text.plist.xml; path = Info.plist; sourceTree = "<group>"; };
		B6606E2E1C49139300FDC479 /* TestStorybord_xibTests.xctest */ = {isa = PBXFileReference; explicitFileType = wrapper.cfbundle; includeInIndex = 0; path = TestStorybord_xibTests.xctest; sourceTree = BUILT_PRODUCTS_DIR; };
		B6606E321C49139300FDC479 /* TestStorybord_xibTests.m */ = {isa = PBXFileReference; lastKnownFileType = sourcecode.c.objc; path = TestStorybord_xibTests.m; sourceTree = "<group>"; };
		B6606E341C49139300FDC479 /* Info.plist */ = {isa = PBXFileReference; lastKnownFileType = text.plist.xml; path = Info.plist; sourceTree = "<group>"; };
		B6606E391C49139300FDC479 /* TestStorybord_xibUITests.xctest */ = {isa = PBXFileReference; explicitFileType = wrapper.cfbundle; includeInIndex = 0; path = TestStorybord_xibUITests.xctest; sourceTree = BUILT_PRODUCTS_DIR; };
		B6606E3D1C49139300FDC479 /* TestStorybord_xibUITests.m */ = {isa = PBXFileReference; lastKnownFileType = sourcecode.c.objc; path = TestStorybord_xibUITests.m; sourceTree = "<group>"; };
		B6606E3F1C49139300FDC479 /* Info.plist */ = {isa = PBXFileReference; lastKnownFileType = text.plist.xml; path = Info.plist; sourceTree = "<group>"; };
		B6606E4B1C49148300FDC479 /* SecondViewController.h */ = {isa = PBXFileReference; fileEncoding = 4; lastKnownFileType = sourcecode.c.h; path = SecondViewController.h; sourceTree = "<group>"; };
		B6606E4C1C49148300FDC479 /* SecondViewController.m */ = {isa = PBXFileReference; fileEncoding = 4; lastKnownFileType = sourcecode.c.objc; path = SecondViewController.m; sourceTree = "<group>"; };
		B6606E4E1C49186800FDC479 /* ThreeViewController.h */ = {isa = PBXFileReference; fileEncoding = 4; lastKnownFileType = sourcecode.c.h; path = ThreeViewController.h; sourceTree = "<group>"; };
		B6606E4F1C49186800FDC479 /* ThreeViewController.m */ = {isa = PBXFileReference; fileEncoding = 4; lastKnownFileType = sourcecode.c.objc; path = ThreeViewController.m; sourceTree = "<group>"; };
		B6606E501C49186800FDC479 /* ThreeViewController.xib */ = {isa = PBXFileReference; fileEncoding = 4; lastKnownFileType = file.xib; path = ThreeViewController.xib; sourceTree = "<group>"; };
/* End PBXFileReference section */

/* Begin PBXFrameworksBuildPhase section */
		B6606E121C49139300FDC479 /* Frameworks */ = {
			isa = PBXFrameworksBuildPhase;
			buildActionMask = 2147483647;
			files = (
			);
			runOnlyForDeploymentPostprocessing = 0;
		};
		B6606E2B1C49139300FDC479 /* Frameworks */ = {
			isa = PBXFrameworksBuildPhase;
			buildActionMask = 2147483647;
			files = (
			);
			runOnlyForDeploymentPostprocessing = 0;
		};
		B6606E361C49139300FDC479 /* Frameworks */ = {
			isa = PBXFrameworksBuildPhase;
			buildActionMask = 2147483647;
			files = (
			);
			runOnlyForDeploymentPostprocessing = 0;
		};
/* End PBXFrameworksBuildPhase section */

/* Begin PBXGroup section */
		B6606E0C1C49139300FDC479 = {
			isa = PBXGroup;
			children = (
				B6606E171C49139300FDC479 /* TestStorybord_xib */,
				B6606E311C49139300FDC479 /* TestStorybord_xibTests */,
				B6606E3C1C49139300FDC479 /* TestStorybord_xibUITests */,
				B6606E161C49139300FDC479 /* Products */,
			);
			sourceTree = "<group>";
		};
		B6606E161C49139300FDC479 /* Products */ = {
			isa = PBXGroup;
			children = (
				B6606E151C49139300FDC479 /* TestStorybord_xib.app */,
				B6606E2E1C49139300FDC479 /* TestStorybord_xibTests.xctest */,
				B6606E391C49139300FDC479 /* TestStorybord_xibUITests.xctest */,
			);
			name = Products;
			sourceTree = "<group>";
		};
		B6606E171C49139300FDC479 /* TestStorybord_xib */ = {
			isa = PBXGroup;
			children = (
				B6606E1B1C49139300FDC479 /* AppDelegate.h */,
				B6606E1C1C49139300FDC479 /* AppDelegate.m */,
				B6606E1E1C49139300FDC479 /* ViewController.h */,
				B6606E1F1C49139300FDC479 /* ViewController.m */,
				B6606E4B1C49148300FDC479 /* SecondViewController.h */,
				B6606E4C1C49148300FDC479 /* SecondViewController.m */,
				B6606E4E1C49186800FDC479 /* ThreeViewController.h */,
				B6606E4F1C49186800FDC479 /* ThreeViewController.m */,
				B6606E501C49186800FDC479 /* ThreeViewController.xib */,
				B6606E211C49139300FDC479 /* Main.storyboard */,
				B6606E241C49139300FDC479 /* Assets.xcassets */,
				B6606E261C49139300FDC479 /* LaunchScreen.storyboard */,
				B6606E291C49139300FDC479 /* Info.plist */,
				B6606E181C49139300FDC479 /* Supporting Files */,
			);
			path = TestStorybord_xib;
			sourceTree = "<group>";
		};
		B6606E181C49139300FDC479 /* Supporting Files */ = {
			isa = PBXGroup;
			children = (
				B6606E191C49139300FDC479 /* main.m */,
			);
			name = "Supporting Files";
			sourceTree = "<group>";
		};
		B6606E311C49139300FDC479 /* TestStorybord_xibTests */ = {
			isa = PBXGroup;
			children = (
				B6606E321C49139300FDC479 /* TestStorybord_xibTests.m */,
				B6606E341C49139300FDC479 /* Info.plist */,
			);
			path = TestStorybord_xibTests;
			sourceTree = "<group>";
		};
		B6606E3C1C49139300FDC479 /* TestStorybord_xibUITests */ = {
			isa = PBXGroup;
			children = (
				B6606E3D1C49139300FDC479 /* TestStorybord_xibUITests.m */,
				B6606E3F1C49139300FDC479 /* Info.plist */,
			);
			path = TestStorybord_xibUITests;
			sourceTree = "<group>";
		};
/* End PBXGroup section */

/* Begin PBXNativeTarget section */
		B6606E141C49139300FDC479 /* TestStorybord_xib */ = {
			isa = PBXNativeTarget;
			buildConfigurationList = B6606E421C49139300FDC479 /* Build configuration list for PBXNativeTarget "TestStorybord_xib" */;
			buildPhases = (
				B6606E111C49139300FDC479 /* Sources */,
				B6606E121C49139300FDC479 /* Frameworks */,
				B6606E131C49139300FDC479 /* Resources */,
			);
			buildRules = (
			);
			dependencies = (
			);
			name = TestStorybord_xib;
			productName = TestStorybord_xib;
			productReference = B6606E151C49139300FDC479 /* TestStorybord_xib.app */;
			productType = "com.apple.product-type.application";
		};
		B6606E2D1C49139300FDC479 /* TestStorybord_xibTests */ = {
			isa = PBXNativeTarget;
			buildConfigurationList = B6606E451C49139300FDC479 /* Build configuration list for PBXNativeTarget "TestStorybord_xibTests" */;
			buildPhases = (
				B6606E2A1C49139300FDC479 /* Sources */,
				B6606E2B1C49139300FDC479 /* Frameworks */,
				B6606E2C1C49139300FDC479 /* Resources */,
			);
			buildRules = (
			);
			dependencies = (
				B6606E301C49139300FDC479 /* PBXTargetDependency */,
			);
			name = TestStorybord_xibTests;
			productName = TestStorybord_xibTests;
			productReference = B6606E2E1C49139300FDC479 /* TestStorybord_xibTests.xctest */;
			productType = "com.apple.product-type.bundle.unit-test";
		};
		B6606E381C49139300FDC479 /* TestStorybord_xibUITests */ = {
			isa = PBXNativeTarget;
			buildConfigurationList = B6606E481C49139300FDC479 /* Build configuration list for PBXNativeTarget "TestStorybord_xibUITests" */;
			buildPhases = (
				B6606E351C49139300FDC479 /* Sources */,
				B6606E361C49139300FDC479 /* Frameworks */,
				B6606E371C49139300FDC479 /* Resources */,
			);
			buildRules = (
			);
			dependencies = (
				B6606E3B1C49139300FDC479 /* PBXTargetDependency */,
			);
			name = TestStorybord_xibUITests;
			productName = TestStorybord_xibUITests;
			productReference = B6606E391C49139300FDC479 /* TestStorybord_xibUITests.xctest */;
			productType = "com.apple.product-type.bundle.ui-testing";
		};
/* End PBXNativeTarget section */

/* Begin PBXProject section */
		B6606E0D1C49139300FDC479 /* Project object */ = {
			isa = PBXProject;
			attributes = {
				LastUpgradeCheck = 0710;
				ORGANIZATIONNAME = "白洋";
				TargetAttributes = {
					B6606E141C49139300FDC479 = {
						CreatedOnToolsVersion = 7.1;
						DevelopmentTeam = 3993U64346;
					};
					B6606E2D1C49139300FDC479 = {
						CreatedOnToolsVersion = 7.1;
						DevelopmentTeam = 3993U64346;
						TestTargetID = B6606E141C49139300FDC479;
					};
					B6606E381C49139300FDC479 = {
						CreatedOnToolsVersion = 7.1;
						DevelopmentTeam = 3993U64346;
						TestTargetID = B6606E141C49139300FDC479;
					};
				};
			};
			buildConfigurationList = B6606E101C49139300FDC479 /* Build configuration list for PBXProject "TestStorybord_xib" */;
			compatibilityVersion = "Xcode 3.2";
			developmentRegion = English;
			hasScannedForEncodings = 0;
			knownRegions = (
				en,
				Base,
			);
			mainGroup = B6606E0C1C49139300FDC479;
			productRefGroup = B6606E161C49139300FDC479 /* Products */;
			projectDirPath = "";
			projectRoot = "";
			targets = (
				B6606E141C49139300FDC479 /* TestStorybord_xib */,
				B6606E2D1C49139300FDC479 /* TestStorybord_xibTests */,
				B6606E381C49139300FDC479 /* TestStorybord_xibUITests */,
			);
		};
/* End PBXProject section */

/* Begin PBXResourcesBuildPhase section */
		B6606E131C49139300FDC479 /* Resources */ = {
			isa = PBXResourcesBuildPhase;
			buildActionMask = 2147483647;
			files = (
				B6606E281C49139300FDC479 /* LaunchScreen.storyboard in Resources */,
				B6606E251C49139300FDC479 /* Assets.xcassets in Resources */,
				B6606E231C49139300FDC479 /* Main.storyboard in Resources */,
				B6606E521C49186800FDC479 /* ThreeViewController.xib in Resources */,
			);
			runOnlyForDeploymentPostprocessing = 0;
		};
		B6606E2C1C49139300FDC479 /* Resources */ = {
			isa = PBXResourcesBuildPhase;
			buildActionMask = 2147483647;
			files = (
			);
			runOnlyForDeploymentPostprocessing = 0;
		};
		B6606E371C49139300FDC479 /* Resources */ = {
			isa = PBXResourcesBuildPhase;
			buildActionMask = 2147483647;
			files = (
			);
			runOnlyForDeploymentPostprocessing = 0;
		};
/* End PBXResourcesBuildPhase section */

/* Begin PBXSourcesBuildPhase section */
		B6606E111C49139300FDC479 /* Sources */ = {
			isa = PBXSourcesBuildPhase;
			buildActionMask = 2147483647;
			files = (
				B6606E4D1C49148300FDC479 /* SecondViewController.m in Sources */,
				B6606E201C49139300FDC479 /* ViewController.m in Sources */,
				B6606E1D1C49139300FDC479 /* AppDelegate.m in Sources */,
				B6606E1A1C49139300FDC479 /* main.m in Sources */,
				B6606E511C49186800FDC479 /* ThreeViewController.m in Sources */,
			);
			runOnlyForDeploymentPostprocessing = 0;
		};
		B6606E2A1C49139300FDC479 /* Sources */ = {
			isa = PBXSourcesBuildPhase;
			buildActionMask = 2147483647;
			files = (
				B6606E331C49139300FDC479 /* TestStorybord_xibTests.m in Sources */,
			);
			runOnlyForDeploymentPostprocessing = 0;
		};
		B6606E351C49139300FDC479 /* Sources */ = {
			isa = PBXSourcesBuildPhase;
			buildActionMask = 2147483647;
			files = (
				B6606E3E1C49139300FDC479 /* TestStorybord_xibUITests.m in Sources */,
			);
			runOnlyForDeploymentPostprocessing = 0;
		};
/* End PBXSourcesBuildPhase section */

/* Begin PBXTargetDependency section */
		B6606E301C49139300FDC479 /* PBXTargetDependency */ = {
			isa = PBXTargetDependency;
			target = B6606E141C49139300FDC479 /* TestStorybord_xib */;
			targetProxy = B6606E2F1C49139300FDC479 /* PBXContainerItemProxy */;
		};
		B6606E3B1C49139300FDC479 /* PBXTargetDependency */ = {
			isa = PBXTargetDependency;
			target = B6606E141C49139300FDC479 /* TestStorybord_xib */;
			targetProxy = B6606E3A1C49139300FDC479 /* PBXContainerItemProxy */;
		};
/* End PBXTargetDependency section */

/* Begin PBXVariantGroup section */
		B6606E211C49139300FDC479 /* Main.storyboard */ = {
			isa = PBXVariantGroup;
			children = (
				B6606E221C49139300FDC479 /* Base */,
			);
			name = Main.storyboard;
			sourceTree = "<group>";
		};
		B6606E261C49139300FDC479 /* LaunchScreen.storyboard */ = {
			isa = PBXVariantGroup;
			children = (
				B6606E271C49139300FDC479 /* Base */,
			);
			name = LaunchScreen.storyboard;
			sourceTree = "<group>";
		};
/* End PBXVariantGroup section */

/* Begin XCBuildConfiguration section */
		B6606E401C49139300FDC479 /* Debug */ = {
			isa = XCBuildConfiguration;
			buildSettings = {
				ALWAYS_SEARCH_USER_PATHS = NO;
				CLANG_CXX_LANGUAGE_STANDARD = "gnu++0x";
				CLANG_CXX_LIBRARY = "libc++";
				CLANG_ENABLE_MODULES = YES;
				CLANG_ENABLE_OBJC_ARC = YES;
				CLANG_WARN_BOOL_CONVERSION = YES;
				CLANG_WARN_CONSTANT_CONVERSION = YES;
				CLANG_WARN_DIRECT_OBJC_ISA_USAGE = YES_ERROR;
				CLANG_WARN_EMPTY_BODY = YES;
				CLANG_WARN_ENUM_CONVERSION = YES;
				CLANG_WARN_INT_CONVERSION = YES;
				CLANG_WARN_OBJC_ROOT_CLASS = YES_ERROR;
				CLANG_WARN_UNREACHABLE_CODE = YES;
				CLANG_WARN__DUPLICATE_METHOD_MATCH = YES;
				"CODE_SIGN_IDENTITY[sdk=iphoneos*]" = "iPhone Developer";
				COPY_PHASE_STRIP = NO;
				DEBUG_INFORMATION_FORMAT = dwarf;
				ENABLE_STRICT_OBJC_MSGSEND = YES;
				ENABLE_TESTABILITY = YES;
				GCC_C_LANGUAGE_STANDARD = gnu99;
				GCC_DYNAMIC_NO_PIC = NO;
				GCC_NO_COMMON_BLOCKS = YES;
				GCC_OPTIMIZATION_LEVEL = 0;
				GCC_PREPROCESSOR_DEFINITIONS = (
					"DEBUG=1",
					"$(inherited)",
				);
				GCC_WARN_64_TO_32_BIT_CONVERSION = YES;
				GCC_WARN_ABOUT_RETURN_TYPE = YES_ERROR;
				GCC_WARN_UNDECLARED_SELECTOR = YES;
				GCC_WARN_UNINITIALIZED_AUTOS = YES_AGGRESSIVE;
				GCC_WARN_UNUSED_FUNCTION = YES;
				GCC_WARN_UNUSED_VARIABLE = YES;
				IPHONEOS_DEPLOYMENT_TARGET = 9.1;
				MTL_ENABLE_DEBUG_INFO = YES;
				ONLY_ACTIVE_ARCH = YES;
				SDKROOT = iphoneos;
				TARGETED_DEVICE_FAMILY = "1,2";
			};
			name = Debug;
		};
		B6606E411C49139300FDC479 /* Release */ = {
			isa = XCBuildConfiguration;
			buildSettings = {
				ALWAYS_SEARCH_USER_PATHS = NO;
				CLANG_CXX_LANGUAGE_STANDARD = "gnu++0x";
				CLANG_CXX_LIBRARY = "libc++";
				CLANG_ENABLE_MODULES = YES;
				CLANG_ENABLE_OBJC_ARC = YES;
				CLANG_WARN_BOOL_CONVERSION = YES;
				CLANG_WARN_CONSTANT_CONVERSION = YES;
				CLANG_WARN_DIRECT_OBJC_ISA_USAGE = YES_ERROR;
				CLANG_WARN_EMPTY_BODY = YES;
				CLANG_WARN_ENUM_CONVERSION = YES;
				CLANG_WARN_INT_CONVERSION = YES;
				CLANG_WARN_OBJC_ROOT_CLASS = YES_ERROR;
				CLANG_WARN_UNREACHABLE_CODE = YES;
				CLANG_WARN__DUPLICATE_METHOD_MATCH = YES;
				"CODE_SIGN_IDENTITY[sdk=iphoneos*]" = "iPhone Developer";
				COPY_PHASE_STRIP = NO;
				DEBUG_INFORMATION_FORMAT = "dwarf-with-dsym";
				ENABLE_NS_ASSERTIONS = NO;
				ENABLE_STRICT_OBJC_MSGSEND = YES;
				GCC_C_LANGUAGE_STANDARD = gnu99;
				GCC_NO_COMMON_BLOCKS = YES;
				GCC_WARN_64_TO_32_BIT_CONVERSION = YES;
				GCC_WARN_ABOUT_RETURN_TYPE = YES_ERROR;
				GCC_WARN_UNDECLARED_SELECTOR = YES;
				GCC_WARN_UNINITIALIZED_AUTOS = YES_AGGRESSIVE;
				GCC_WARN_UNUSED_FUNCTION = YES;
				GCC_WARN_UNUSED_VARIABLE = YES;
				IPHONEOS_DEPLOYMENT_TARGET = 9.1;
				MTL_ENABLE_DEBUG_INFO = NO;
				SDKROOT = iphoneos;
				TARGETED_DEVICE_FAMILY = "1,2";
				VALIDATE_PRODUCT = YES;
			};
			name = Release;
		};
		B6606E431C49139300FDC479 /* Debug */ = {
			isa = XCBuildConfiguration;
			buildSettings = {
				ASSETCATALOG_COMPILER_APPICON_NAME = AppIcon;
				INFOPLIST_FILE = TestStorybord_xib/Info.plist;
				LD_RUNPATH_SEARCH_PATHS = "$(inherited) @executable_path/Frameworks";
				PRODUCT_BUNDLE_IDENTIFIER = "rising.TestStorybord-xib";
				PRODUCT_NAME = "$(TARGET_NAME)";
			};
			name = Debug;
		};
		B6606E441C49139300FDC479 /* Release */ = {
			isa = XCBuildConfiguration;
			buildSettings = {
				ASSETCATALOG_COMPILER_APPICON_NAME = AppIcon;
				INFOPLIST_FILE = TestStorybord_xib/Info.plist;
				LD_RUNPATH_SEARCH_PATHS = "$(inherited) @executable_path/Frameworks";
				PRODUCT_BUNDLE_IDENTIFIER = "rising.TestStorybord-xib";
				PRODUCT_NAME = "$(TARGET_NAME)";
			};
			name = Release;
		};
		B6606E461C49139300FDC479 /* Debug */ = {
			isa = XCBuildConfiguration;
			buildSettings = {
				BUNDLE_LOADER = "$(TEST_HOST)";
				INFOPLIST_FILE = TestStorybord_xibTests/Info.plist;
				LD_RUNPATH_SEARCH_PATHS = "$(inherited) @executable_path/Frameworks @loader_path/Frameworks";
				PRODUCT_BUNDLE_IDENTIFIER = "rising.TestStorybord-xibTests";
				PRODUCT_NAME = "$(TARGET_NAME)";
				TEST_HOST = "$(BUILT_PRODUCTS_DIR)/TestStorybord_xib.app/TestStorybord_xib";
			};
			name = Debug;
		};
		B6606E471C49139300FDC479 /* Release */ = {
			isa = XCBuildConfiguration;
			buildSettings = {
				BUNDLE_LOADER = "$(TEST_HOST)";
				INFOPLIST_FILE = TestStorybord_xibTests/Info.plist;
				LD_RUNPATH_SEARCH_PATHS = "$(inherited) @executable_path/Frameworks @loader_path/Frameworks";
				PRODUCT_BUNDLE_IDENTIFIER = "rising.TestStorybord-xibTests";
				PRODUCT_NAME = "$(TARGET_NAME)";
				TEST_HOST = "$(BUILT_PRODUCTS_DIR)/TestStorybord_xib.app/TestStorybord_xib";
			};
			name = Release;
		};
		B6606E491C49139300FDC479 /* Debug */ = {
			isa = XCBuildConfiguration;
			buildSettings = {
				INFOPLIST_FILE = TestStorybord_xibUITests/Info.plist;
				LD_RUNPATH_SEARCH_PATHS = "$(inherited) @executable_path/Frameworks @loader_path/Frameworks";
				PRODUCT_BUNDLE_IDENTIFIER = "rising.TestStorybord-xibUITests";
				PRODUCT_NAME = "$(TARGET_NAME)";
				TEST_TARGET_NAME = TestStorybord_xib;
				USES_XCTRUNNER = YES;
			};
			name = Debug;
		};
		B6606E4A1C49139300FDC479 /* Release */ = {
			isa = XCBuildConfiguration;
			buildSettings = {
				INFOPLIST_FILE = TestStorybord_xibUITests/Info.plist;
				LD_RUNPATH_SEARCH_PATHS = "$(inherited) @executable_path/Frameworks @loader_path/Frameworks";
				PRODUCT_BUNDLE_IDENTIFIER = "rising.TestStorybord-xibUITests";
				PRODUCT_NAME = "$(TARGET_NAME)";
				TEST_TARGET_NAME = TestStorybord_xib;
				USES_XCTRUNNER = YES;
			};
			name = Release;
		};
/* End XCBuildConfiguration section */

/* Begin XCConfigurationList section */
		B6606E101C49139300FDC479 /* Build configuration list for PBXProject "TestStorybord_xib" */ = {
			isa = XCConfigurationList;
			buildConfigurations = (
				B6606E401C49139300FDC479 /* Debug */,
				B6606E411C49139300FDC479 /* Release */,
			);
			defaultConfigurationIsVisible = 0;
			defaultConfigurationName = Release;
		};
		B6606E421C49139300FDC479 /* Build configuration list for PBXNativeTarget "TestStorybord_xib" */ = {
			isa = XCConfigurationList;
			buildConfigurations = (
				B6606E431C49139300FDC479 /* Debug */,
				B6606E441C49139300FDC479 /* Release */,
			);
			defaultConfigurationIsVisible = 0;
		};
		B6606E451C49139300FDC479 /* Build configuration list for PBXNativeTarget "TestStorybord_xibTests" */ = {
			isa = XCConfigurationList;
			buildConfigurations = (
				B6606E461C49139300FDC479 /* Debug */,
				B6606E471C49139300FDC479 /* Release */,
			);
			defaultConfigurationIsVisible = 0;
		};
		B6606E481C49139300FDC479 /* Build configuration list for PBXNativeTarget "TestStorybord_xibUITests" */ = {
			isa = XCConfigurationList;
			buildConfigurations = (
				B6606E491C49139300FDC479 /* Debug */,
				B6606E4A1C49139300FDC479 /* Release */,
			);
			defaultConfigurationIsVisible = 0;
		};
/* End XCConfigurationList section */
	};
	rootObject = B6606E0D1C49139300FDC479 /* Project object */;
}
