// !$*UTF8*$!
{
	archiveVersion = 1;
	classes = {
	};
	objectVersion = 46;
	objects = {

/* Begin PBXBuildFile section */
		B6606D091C476E0400FDC479 /* main.m in Sources */ = {isa = PBXBuildFile; fileRef = B6606D081C476E0400FDC479 /* main.m */; };
		B6606D0C1C476E0400FDC479 /* AppDelegate.m in Sources */ = {isa = PBXBuildFile; fileRef = B6606D0B1C476E0400FDC479 /* AppDelegate.m */; };
		B6606D0F1C476E0400FDC479 /* ViewController.m in Sources */ = {isa = PBXBuildFile; fileRef = B6606D0E1C476E0400FDC479 /* ViewController.m */; };
		B6606D121C476E0400FDC479 /* Main.storyboard in Resources */ = {isa = PBXBuildFile; fileRef = B6606D101C476E0400FDC479 /* Main.storyboard */; };
		B6606D141C476E0400FDC479 /* Assets.xcassets in Resources */ = {isa = PBXBuildFile; fileRef = B6606D131C476E0400FDC479 /* Assets.xcassets */; };
		B6606D171C476E0400FDC479 /* LaunchScreen.storyboard in Resources */ = {isa = PBXBuildFile; fileRef = B6606D151C476E0400FDC479 /* LaunchScreen.storyboard */; };
		B6606D221C476E0400FDC479 /* LearnIOSTests.m in Sources */ = {isa = PBXBuildFile; fileRef = B6606D211C476E0400FDC479 /* LearnIOSTests.m */; };
		B6606D2D1C476E0400FDC479 /* LearnIOSUITests.m in Sources */ = {isa = PBXBuildFile; fileRef = B6606D2C1C476E0400FDC479 /* LearnIOSUITests.m */; };
		B6606D3F1C47B00B00FDC479 /* icon in Resources */ = {isa = PBXBuildFile; fileRef = B6606D3E1C47B00B00FDC479 /* icon */; };
		B6606D411C47B5B700FDC479 /* a.png in Resources */ = {isa = PBXBuildFile; fileRef = B6606D401C47B5B700FDC479 /* a.png */; };
/* End PBXBuildFile section */

/* Begin PBXContainerItemProxy section */
		B6606D1E1C476E0400FDC479 /* PBXContainerItemProxy */ = {
			isa = PBXContainerItemProxy;
			containerPortal = B6606CFC1C476E0400FDC479 /* Project object */;
			proxyType = 1;
			remoteGlobalIDString = B6606D031C476E0400FDC479;
			remoteInfo = LearnIOS;
		};
		B6606D291C476E0400FDC479 /* PBXContainerItemProxy */ = {
			isa = PBXContainerItemProxy;
			containerPortal = B6606CFC1C476E0400FDC479 /* Project object */;
			proxyType = 1;
			remoteGlobalIDString = B6606D031C476E0400FDC479;
			remoteInfo = LearnIOS;
		};
/* End PBXContainerItemProxy section */

/* Begin PBXFileReference section */
		B6606D041C476E0400FDC479 /* LearnIOS.app */ = {isa = PBXFileReference; explicitFileType = wrapper.application; includeInIndex = 0; path = LearnIOS.app; sourceTree = BUILT_PRODUCTS_DIR; };
		B6606D081C476E0400FDC479 /* main.m */ = {isa = PBXFileReference; lastKnownFileType = sourcecode.c.objc; path = main.m; sourceTree = "<group>"; };
		B6606D0A1C476E0400FDC479 /* AppDelegate.h */ = {isa = PBXFileReference; lastKnownFileType = sourcecode.c.h; path = AppDelegate.h; sourceTree = "<group>"; };
		B6606D0B1C476E0400FDC479 /* AppDelegate.m */ = {isa = PBXFileReference; lastKnownFileType = sourcecode.c.objc; path = AppDelegate.m; sourceTree = "<group>"; };
		B6606D0D1C476E0400FDC479 /* ViewController.h */ = {isa = PBXFileReference; lastKnownFileType = sourcecode.c.h; path = ViewController.h; sourceTree = "<group>"; };
		B6606D0E1C476E0400FDC479 /* ViewController.m */ = {isa = PBXFileReference; lastKnownFileType = sourcecode.c.objc; path = ViewController.m; sourceTree = "<group>"; };
		B6606D111C476E0400FDC479 /* Base */ = {isa = PBXFileReference; lastKnownFileType = file.storyboard; name = Base; path = Base.lproj/Main.storyboard; sourceTree = "<group>"; };
		B6606D131C476E0400FDC479 /* Assets.xcassets */ = {isa = PBXFileReference; lastKnownFileType = folder.assetcatalog; path = Assets.xcassets; sourceTree = "<group>"; };
		B6606D161C476E0400FDC479 /* Base */ = {isa = PBXFileReference; lastKnownFileType = file.storyboard; name = Base; path = Base.lproj/LaunchScreen.storyboard; sourceTree = "<group>"; };
		B6606D181C476E0400FDC479 /* Info.plist */ = {isa = PBXFileReference; lastKnownFileType = text.plist.xml; path = Info.plist; sourceTree = "<group>"; };
		B6606D1D1C476E0400FDC479 /* LearnIOSTests.xctest */ = {isa = PBXFileReference; explicitFileType = wrapper.cfbundle; includeInIndex = 0; path = LearnIOSTests.xctest; sourceTree = BUILT_PRODUCTS_DIR; };
		B6606D211C476E0400FDC479 /* LearnIOSTests.m */ = {isa = PBXFileReference; lastKnownFileType = sourcecode.c.objc; path = LearnIOSTests.m; sourceTree = "<group>"; };
		B6606D231C476E0400FDC479 /* Info.plist */ = {isa = PBXFileReference; lastKnownFileType = text.plist.xml; path = Info.plist; sourceTree = "<group>"; };
		B6606D281C476E0400FDC479 /* LearnIOSUITests.xctest */ = {isa = PBXFileReference; explicitFileType = wrapper.cfbundle; includeInIndex = 0; path = LearnIOSUITests.xctest; sourceTree = BUILT_PRODUCTS_DIR; };
		B6606D2C1C476E0400FDC479 /* LearnIOSUITests.m */ = {isa = PBXFileReference; lastKnownFileType = sourcecode.c.objc; path = LearnIOSUITests.m; sourceTree = "<group>"; };
		B6606D2E1C476E0400FDC479 /* Info.plist */ = {isa = PBXFileReference; lastKnownFileType = text.plist.xml; path = Info.plist; sourceTree = "<group>"; };
		B6606D3E1C47B00B00FDC479 /* icon */ = {isa = PBXFileReference; lastKnownFileType = folder; path = icon; sourceTree = "<group>"; };
		B6606D401C47B5B700FDC479 /* a.png */ = {isa = PBXFileReference; lastKnownFileType = image.png; path = a.png; sourceTree = "<group>"; };
/* End PBXFileReference section */

/* Begin PBXFrameworksBuildPhase section */
		B6606D011C476E0400FDC479 /* Frameworks */ = {
			isa = PBXFrameworksBuildPhase;
			buildActionMask = 2147483647;
			files = (
			);
			runOnlyForDeploymentPostprocessing = 0;
		};
		B6606D1A1C476E0400FDC479 /* Frameworks */ = {
			isa = PBXFrameworksBuildPhase;
			buildActionMask = 2147483647;
			files = (
			);
			runOnlyForDeploymentPostprocessing = 0;
		};
		B6606D251C476E0400FDC479 /* Frameworks */ = {
			isa = PBXFrameworksBuildPhase;
			buildActionMask = 2147483647;
			files = (
			);
			runOnlyForDeploymentPostprocessing = 0;
		};
/* End PBXFrameworksBuildPhase section */

/* Begin PBXGroup section */
		B6606CFB1C476E0400FDC479 = {
			isa = PBXGroup;
			children = (
				B6606D061C476E0400FDC479 /* LearnIOS */,
				B6606D201C476E0400FDC479 /* LearnIOSTests */,
				B6606D2B1C476E0400FDC479 /* LearnIOSUITests */,
				B6606D051C476E0400FDC479 /* Products */,
			);
			sourceTree = "<group>";
		};
		B6606D051C476E0400FDC479 /* Products */ = {
			isa = PBXGroup;
			children = (
				B6606D041C476E0400FDC479 /* LearnIOS.app */,
				B6606D1D1C476E0400FDC479 /* LearnIOSTests.xctest */,
				B6606D281C476E0400FDC479 /* LearnIOSUITests.xctest */,
			);
			name = Products;
			sourceTree = "<group>";
		};
		B6606D061C476E0400FDC479 /* LearnIOS */ = {
			isa = PBXGroup;
			children = (
				B6606D0A1C476E0400FDC479 /* AppDelegate.h */,
				B6606D0B1C476E0400FDC479 /* AppDelegate.m */,
				B6606D0D1C476E0400FDC479 /* ViewController.h */,
				B6606D0E1C476E0400FDC479 /* ViewController.m */,
				B6606D101C476E0400FDC479 /* Main.storyboard */,
				B6606D131C476E0400FDC479 /* Assets.xcassets */,
				B6606D401C47B5B700FDC479 /* a.png */,
				B6606D3E1C47B00B00FDC479 /* icon */,
				B6606D151C476E0400FDC479 /* LaunchScreen.storyboard */,
				B6606D181C476E0400FDC479 /* Info.plist */,
				B6606D071C476E0400FDC479 /* Supporting Files */,
			);
			path = LearnIOS;
			sourceTree = "<group>";
		};
		B6606D071C476E0400FDC479 /* Supporting Files */ = {
			isa = PBXGroup;
			children = (
				B6606D081C476E0400FDC479 /* main.m */,
			);
			name = "Supporting Files";
			sourceTree = "<group>";
		};
		B6606D201C476E0400FDC479 /* LearnIOSTests */ = {
			isa = PBXGroup;
			children = (
				B6606D211C476E0400FDC479 /* LearnIOSTests.m */,
				B6606D231C476E0400FDC479 /* Info.plist */,
			);
			path = LearnIOSTests;
			sourceTree = "<group>";
		};
		B6606D2B1C476E0400FDC479 /* LearnIOSUITests */ = {
			isa = PBXGroup;
			children = (
				B6606D2C1C476E0400FDC479 /* LearnIOSUITests.m */,
				B6606D2E1C476E0400FDC479 /* Info.plist */,
			);
			path = LearnIOSUITests;
			sourceTree = "<group>";
		};
/* End PBXGroup section */

/* Begin PBXNativeTarget section */
		B6606D031C476E0400FDC479 /* LearnIOS */ = {
			isa = PBXNativeTarget;
			buildConfigurationList = B6606D311C476E0400FDC479 /* Build configuration list for PBXNativeTarget "LearnIOS" */;
			buildPhases = (
				B6606D001C476E0400FDC479 /* Sources */,
				B6606D011C476E0400FDC479 /* Frameworks */,
				B6606D021C476E0400FDC479 /* Resources */,
			);
			buildRules = (
			);
			dependencies = (
			);
			name = LearnIOS;
			productName = LearnIOS;
			productReference = B6606D041C476E0400FDC479 /* LearnIOS.app */;
			productType = "com.apple.product-type.application";
		};
		B6606D1C1C476E0400FDC479 /* LearnIOSTests */ = {
			isa = PBXNativeTarget;
			buildConfigurationList = B6606D341C476E0400FDC479 /* Build configuration list for PBXNativeTarget "LearnIOSTests" */;
			buildPhases = (
				B6606D191C476E0400FDC479 /* Sources */,
				B6606D1A1C476E0400FDC479 /* Frameworks */,
				B6606D1B1C476E0400FDC479 /* Resources */,
			);
			buildRules = (
			);
			dependencies = (
				B6606D1F1C476E0400FDC479 /* PBXTargetDependency */,
			);
			name = LearnIOSTests;
			productName = LearnIOSTests;
			productReference = B6606D1D1C476E0400FDC479 /* LearnIOSTests.xctest */;
			productType = "com.apple.product-type.bundle.unit-test";
		};
		B6606D271C476E0400FDC479 /* LearnIOSUITests */ = {
			isa = PBXNativeTarget;
			buildConfigurationList = B6606D371C476E0400FDC479 /* Build configuration list for PBXNativeTarget "LearnIOSUITests" */;
			buildPhases = (
				B6606D241C476E0400FDC479 /* Sources */,
				B6606D251C476E0400FDC479 /* Frameworks */,
				B6606D261C476E0400FDC479 /* Resources */,
			);
			buildRules = (
			);
			dependencies = (
				B6606D2A1C476E0400FDC479 /* PBXTargetDependency */,
			);
			name = LearnIOSUITests;
			productName = LearnIOSUITests;
			productReference = B6606D281C476E0400FDC479 /* LearnIOSUITests.xctest */;
			productType = "com.apple.product-type.bundle.ui-testing";
		};
/* End PBXNativeTarget section */

/* Begin PBXProject section */
		B6606CFC1C476E0400FDC479 /* Project object */ = {
			isa = PBXProject;
			attributes = {
				LastUpgradeCheck = 0710;
				ORGANIZATIONNAME = "白洋";
				TargetAttributes = {
					B6606D031C476E0400FDC479 = {
						CreatedOnToolsVersion = 7.1;
						DevelopmentTeam = 3993U64346;
					};
					B6606D1C1C476E0400FDC479 = {
						CreatedOnToolsVersion = 7.1;
						DevelopmentTeam = 3993U64346;
						TestTargetID = B6606D031C476E0400FDC479;
					};
					B6606D271C476E0400FDC479 = {
						CreatedOnToolsVersion = 7.1;
						DevelopmentTeam = 3993U64346;
						TestTargetID = B6606D031C476E0400FDC479;
					};
				};
			};
			buildConfigurationList = B6606CFF1C476E0400FDC479 /* Build configuration list for PBXProject "LearnIOS" */;
			compatibilityVersion = "Xcode 3.2";
			developmentRegion = English;
			hasScannedForEncodings = 0;
			knownRegions = (
				en,
				Base,
			);
			mainGroup = B6606CFB1C476E0400FDC479;
			productRefGroup = B6606D051C476E0400FDC479 /* Products */;
			projectDirPath = "";
			projectRoot = "";
			targets = (
				B6606D031C476E0400FDC479 /* LearnIOS */,
				B6606D1C1C476E0400FDC479 /* LearnIOSTests */,
				B6606D271C476E0400FDC479 /* LearnIOSUITests */,
			);
		};
/* End PBXProject section */

/* Begin PBXResourcesBuildPhase section */
		B6606D021C476E0400FDC479 /* Resources */ = {
			isa = PBXResourcesBuildPhase;
			buildActionMask = 2147483647;
			files = (
				B6606D171C476E0400FDC479 /* LaunchScreen.storyboard in Resources */,
				B6606D3F1C47B00B00FDC479 /* icon in Resources */,
				B6606D141C476E0400FDC479 /* Assets.xcassets in Resources */,
				B6606D411C47B5B700FDC479 /* a.png in Resources */,
				B6606D121C476E0400FDC479 /* Main.storyboard in Resources */,
			);
			runOnlyForDeploymentPostprocessing = 0;
		};
		B6606D1B1C476E0400FDC479 /* Resources */ = {
			isa = PBXResourcesBuildPhase;
			buildActionMask = 2147483647;
			files = (
			);
			runOnlyForDeploymentPostprocessing = 0;
		};
		B6606D261C476E0400FDC479 /* Resources */ = {
			isa = PBXResourcesBuildPhase;
			buildActionMask = 2147483647;
			files = (
			);
			runOnlyForDeploymentPostprocessing = 0;
		};
/* End PBXResourcesBuildPhase section */

/* Begin PBXSourcesBuildPhase section */
		B6606D001C476E0400FDC479 /* Sources */ = {
			isa = PBXSourcesBuildPhase;
			buildActionMask = 2147483647;
			files = (
				B6606D0F1C476E0400FDC479 /* ViewController.m in Sources */,
				B6606D0C1C476E0400FDC479 /* AppDelegate.m in Sources */,
				B6606D091C476E0400FDC479 /* main.m in Sources */,
			);
			runOnlyForDeploymentPostprocessing = 0;
		};
		B6606D191C476E0400FDC479 /* Sources */ = {
			isa = PBXSourcesBuildPhase;
			buildActionMask = 2147483647;
			files = (
				B6606D221C476E0400FDC479 /* LearnIOSTests.m in Sources */,
			);
			runOnlyForDeploymentPostprocessing = 0;
		};
		B6606D241C476E0400FDC479 /* Sources */ = {
			isa = PBXSourcesBuildPhase;
			buildActionMask = 2147483647;
			files = (
				B6606D2D1C476E0400FDC479 /* LearnIOSUITests.m in Sources */,
			);
			runOnlyForDeploymentPostprocessing = 0;
		};
/* End PBXSourcesBuildPhase section */

/* Begin PBXTargetDependency section */
		B6606D1F1C476E0400FDC479 /* PBXTargetDependency */ = {
			isa = PBXTargetDependency;
			target = B6606D031C476E0400FDC479 /* LearnIOS */;
			targetProxy = B6606D1E1C476E0400FDC479 /* PBXContainerItemProxy */;
		};
		B6606D2A1C476E0400FDC479 /* PBXTargetDependency */ = {
			isa = PBXTargetDependency;
			target = B6606D031C476E0400FDC479 /* LearnIOS */;
			targetProxy = B6606D291C476E0400FDC479 /* PBXContainerItemProxy */;
		};
/* End PBXTargetDependency section */

/* Begin PBXVariantGroup section */
		B6606D101C476E0400FDC479 /* Main.storyboard */ = {
			isa = PBXVariantGroup;
			children = (
				B6606D111C476E0400FDC479 /* Base */,
			);
			name = Main.storyboard;
			sourceTree = "<group>";
		};
		B6606D151C476E0400FDC479 /* LaunchScreen.storyboard */ = {
			isa = PBXVariantGroup;
			children = (
				B6606D161C476E0400FDC479 /* Base */,
			);
			name = LaunchScreen.storyboard;
			sourceTree = "<group>";
		};
/* End PBXVariantGroup section */

/* Begin XCBuildConfiguration section */
		B6606D2F1C476E0400FDC479 /* Debug */ = {
			isa = XCBuildConfiguration;
			buildSettings = {
				ALWAYS_SEARCH_USER_PATHS = NO;
				CLANG_CXX_LANGUAGE_STANDARD = "gnu++0x";
				CLANG_CXX_LIBRARY = "libc++";
				CLANG_ENABLE_MODULES = YES;
				CLANG_ENABLE_OBJC_ARC = YES;
				CLANG_WARN_BOOL_CONVERSION = YES;
				CLANG_WARN_CONSTANT_CONVERSION = YES;
				CLANG_WARN_DIRECT_OBJC_ISA_USAGE = YES_ERROR;
				CLANG_WARN_EMPTY_BODY = YES;
				CLANG_WARN_ENUM_CONVERSION = YES;
				CLANG_WARN_INT_CONVERSION = YES;
				CLANG_WARN_OBJC_ROOT_CLASS = YES_ERROR;
				CLANG_WARN_UNREACHABLE_CODE = YES;
				CLANG_WARN__DUPLICATE_METHOD_MATCH = YES;
				"CODE_SIGN_IDENTITY[sdk=iphoneos*]" = "iPhone Developer";
				COPY_PHASE_STRIP = NO;
				DEBUG_INFORMATION_FORMAT = dwarf;
				ENABLE_STRICT_OBJC_MSGSEND = YES;
				ENABLE_TESTABILITY = YES;
				GCC_C_LANGUAGE_STANDARD = gnu99;
				GCC_DYNAMIC_NO_PIC = NO;
				GCC_NO_COMMON_BLOCKS = YES;
				GCC_OPTIMIZATION_LEVEL = 0;
				GCC_PREPROCESSOR_DEFINITIONS = (
					"DEBUG=1",
					"$(inherited)",
				);
				GCC_WARN_64_TO_32_BIT_CONVERSION = YES;
				GCC_WARN_ABOUT_RETURN_TYPE = YES_ERROR;
				GCC_WARN_UNDECLARED_SELECTOR = YES;
				GCC_WARN_UNINITIALIZED_AUTOS = YES_AGGRESSIVE;
				GCC_WARN_UNUSED_FUNCTION = YES;
				GCC_WARN_UNUSED_VARIABLE = YES;
				IPHONEOS_DEPLOYMENT_TARGET = 9.1;
				MTL_ENABLE_DEBUG_INFO = YES;
				ONLY_ACTIVE_ARCH = YES;
				SDKROOT = iphoneos;
				TARGETED_DEVICE_FAMILY = "1,2";
			};
			name = Debug;
		};
		B6606D301C476E0400FDC479 /* Release */ = {
			isa = XCBuildConfiguration;
			buildSettings = {
				ALWAYS_SEARCH_USER_PATHS = NO;
				CLANG_CXX_LANGUAGE_STANDARD = "gnu++0x";
				CLANG_CXX_LIBRARY = "libc++";
				CLANG_ENABLE_MODULES = YES;
				CLANG_ENABLE_OBJC_ARC = YES;
				CLANG_WARN_BOOL_CONVERSION = YES;
				CLANG_WARN_CONSTANT_CONVERSION = YES;
				CLANG_WARN_DIRECT_OBJC_ISA_USAGE = YES_ERROR;
				CLANG_WARN_EMPTY_BODY = YES;
				CLANG_WARN_ENUM_CONVERSION = YES;
				CLANG_WARN_INT_CONVERSION = YES;
				CLANG_WARN_OBJC_ROOT_CLASS = YES_ERROR;
				CLANG_WARN_UNREACHABLE_CODE = YES;
				CLANG_WARN__DUPLICATE_METHOD_MATCH = YES;
				"CODE_SIGN_IDENTITY[sdk=iphoneos*]" = "iPhone Developer";
				COPY_PHASE_STRIP = NO;
				DEBUG_INFORMATION_FORMAT = "dwarf-with-dsym";
				ENABLE_NS_ASSERTIONS = NO;
				ENABLE_STRICT_OBJC_MSGSEND = YES;
				GCC_C_LANGUAGE_STANDARD = gnu99;
				GCC_NO_COMMON_BLOCKS = YES;
				GCC_WARN_64_TO_32_BIT_CONVERSION = YES;
				GCC_WARN_ABOUT_RETURN_TYPE = YES_ERROR;
				GCC_WARN_UNDECLARED_SELECTOR = YES;
				GCC_WARN_UNINITIALIZED_AUTOS = YES_AGGRESSIVE;
				GCC_WARN_UNUSED_FUNCTION = YES;
				GCC_WARN_UNUSED_VARIABLE = YES;
				IPHONEOS_DEPLOYMENT_TARGET = 9.1;
				MTL_ENABLE_DEBUG_INFO = NO;
				SDKROOT = iphoneos;
				TARGETED_DEVICE_FAMILY = "1,2";
				VALIDATE_PRODUCT = YES;
			};
			name = Release;
		};
		B6606D321C476E0400FDC479 /* Debug */ = {
			isa = XCBuildConfiguration;
			buildSettings = {
				ASSETCATALOG_COMPILER_APPICON_NAME = AppIcon;
				ASSETCATALOG_COMPILER_LAUNCHIMAGE_NAME = "Brand Assets";
				INFOPLIST_FILE = LearnIOS/Info.plist;
				LD_RUNPATH_SEARCH_PATHS = "$(inherited) @executable_path/Frameworks";
				PRODUCT_BUNDLE_IDENTIFIER = rising.LearnIOS;
				PRODUCT_NAME = "$(TARGET_NAME)";
			};
			name = Debug;
		};
		B6606D331C476E0400FDC479 /* Release */ = {
			isa = XCBuildConfiguration;
			buildSettings = {
				ASSETCATALOG_COMPILER_APPICON_NAME = AppIcon;
				ASSETCATALOG_COMPILER_LAUNCHIMAGE_NAME = "Brand Assets";
				INFOPLIST_FILE = LearnIOS/Info.plist;
				LD_RUNPATH_SEARCH_PATHS = "$(inherited) @executable_path/Frameworks";
				PRODUCT_BUNDLE_IDENTIFIER = rising.LearnIOS;
				PRODUCT_NAME = "$(TARGET_NAME)";
			};
			name = Release;
		};
		B6606D351C476E0400FDC479 /* Debug */ = {
			isa = XCBuildConfiguration;
			buildSettings = {
				BUNDLE_LOADER = "$(TEST_HOST)";
				INFOPLIST_FILE = LearnIOSTests/Info.plist;
				LD_RUNPATH_SEARCH_PATHS = "$(inherited) @executable_path/Frameworks @loader_path/Frameworks";
				PRODUCT_BUNDLE_IDENTIFIER = rising.LearnIOSTests;
				PRODUCT_NAME = "$(TARGET_NAME)";
				TEST_HOST = "$(BUILT_PRODUCTS_DIR)/LearnIOS.app/LearnIOS";
			};
			name = Debug;
		};
		B6606D361C476E0400FDC479 /* Release */ = {
			isa = XCBuildConfiguration;
			buildSettings = {
				BUNDLE_LOADER = "$(TEST_HOST)";
				INFOPLIST_FILE = LearnIOSTests/Info.plist;
				LD_RUNPATH_SEARCH_PATHS = "$(inherited) @executable_path/Frameworks @loader_path/Frameworks";
				PRODUCT_BUNDLE_IDENTIFIER = rising.LearnIOSTests;
				PRODUCT_NAME = "$(TARGET_NAME)";
				TEST_HOST = "$(BUILT_PRODUCTS_DIR)/LearnIOS.app/LearnIOS";
			};
			name = Release;
		};
		B6606D381C476E0400FDC479 /* Debug */ = {
			isa = XCBuildConfiguration;
			buildSettings = {
				INFOPLIST_FILE = LearnIOSUITests/Info.plist;
				LD_RUNPATH_SEARCH_PATHS = "$(inherited) @executable_path/Frameworks @loader_path/Frameworks";
				PRODUCT_BUNDLE_IDENTIFIER = rising.LearnIOSUITests;
				PRODUCT_NAME = "$(TARGET_NAME)";
				TEST_TARGET_NAME = LearnIOS;
				USES_XCTRUNNER = YES;
			};
			name = Debug;
		};
		B6606D391C476E0400FDC479 /* Release */ = {
			isa = XCBuildConfiguration;
			buildSettings = {
				INFOPLIST_FILE = LearnIOSUITests/Info.plist;
				LD_RUNPATH_SEARCH_PATHS = "$(inherited) @executable_path/Frameworks @loader_path/Frameworks";
				PRODUCT_BUNDLE_IDENTIFIER = rising.LearnIOSUITests;
				PRODUCT_NAME = "$(TARGET_NAME)";
				TEST_TARGET_NAME = LearnIOS;
				USES_XCTRUNNER = YES;
			};
			name = Release;
		};
/* End XCBuildConfiguration section */

/* Begin XCConfigurationList section */
		B6606CFF1C476E0400FDC479 /* Build configuration list for PBXProject "LearnIOS" */ = {
			isa = XCConfigurationList;
			buildConfigurations = (
				B6606D2F1C476E0400FDC479 /* Debug */,
				B6606D301C476E0400FDC479 /* Release */,
			);
			defaultConfigurationIsVisible = 0;
			defaultConfigurationName = Release;
		};
		B6606D311C476E0400FDC479 /* Build configuration list for PBXNativeTarget "LearnIOS" */ = {
			isa = XCConfigurationList;
			buildConfigurations = (
				B6606D321C476E0400FDC479 /* Debug */,
				B6606D331C476E0400FDC479 /* Release */,
			);
			defaultConfigurationIsVisible = 0;
		};
		B6606D341C476E0400FDC479 /* Build configuration list for PBXNativeTarget "LearnIOSTests" */ = {
			isa = XCConfigurationList;
			buildConfigurations = (
				B6606D351C476E0400FDC479 /* Debug */,
				B6606D361C476E0400FDC479 /* Release */,
			);
			defaultConfigurationIsVisible = 0;
		};
		B6606D371C476E0400FDC479 /* Build configuration list for PBXNativeTarget "LearnIOSUITests" */ = {
			isa = XCConfigurationList;
			buildConfigurations = (
				B6606D381C476E0400FDC479 /* Debug */,
				B6606D391C476E0400FDC479 /* Release */,
			);
			defaultConfigurationIsVisible = 0;
		};
/* End XCConfigurationList section */
	};
	rootObject = B6606CFC1C476E0400FDC479 /* Project object */;
}
