// !$*UTF8*$!
{
	archiveVersion = 1;
	classes = {
	};
	objectVersion = 46;
	objects = {

/* Begin PBXBuildFile section */
		B682368A1C4BF2CA00DAB179 /* main.m in Sources */ = {isa = PBXBuildFile; fileRef = B68236891C4BF2CA00DAB179 /* main.m */; };
		B68236921C4BF2E400DAB179 /* Person.m in Sources */ = {isa = PBXBuildFile; fileRef = B68236911C4BF2E400DAB179 /* Person.m */; };
		B68236951C4BF2ED00DAB179 /* Pet.m in Sources */ = {isa = PBXBuildFile; fileRef = B68236941C4BF2ED00DAB179 /* Pet.m */; };
/* End PBXBuildFile section */

/* Begin PBXCopyFilesBuildPhase section */
		B68236841C4BF2CA00DAB179 /* CopyFiles */ = {
			isa = PBXCopyFilesBuildPhase;
			buildActionMask = 2147483647;
			dstPath = /usr/share/man/man1/;
			dstSubfolderSpec = 0;
			files = (
			);
			runOnlyForDeploymentPostprocessing = 1;
		};
/* End PBXCopyFilesBuildPhase section */

/* Begin PBXFileReference section */
		B68236861C4BF2CA00DAB179 /* PropertyMemory */ = {isa = PBXFileReference; explicitFileType = "compiled.mach-o.executable"; includeInIndex = 0; path = PropertyMemory; sourceTree = BUILT_PRODUCTS_DIR; };
		B68236891C4BF2CA00DAB179 /* main.m */ = {isa = PBXFileReference; lastKnownFileType = sourcecode.c.objc; path = main.m; sourceTree = "<group>"; };
		B68236901C4BF2E400DAB179 /* Person.h */ = {isa = PBXFileReference; fileEncoding = 4; lastKnownFileType = sourcecode.c.h; path = Person.h; sourceTree = "<group>"; };
		B68236911C4BF2E400DAB179 /* Person.m */ = {isa = PBXFileReference; fileEncoding = 4; lastKnownFileType = sourcecode.c.objc; path = Person.m; sourceTree = "<group>"; };
		B68236931C4BF2ED00DAB179 /* Pet.h */ = {isa = PBXFileReference; fileEncoding = 4; lastKnownFileType = sourcecode.c.h; path = Pet.h; sourceTree = "<group>"; };
		B68236941C4BF2ED00DAB179 /* Pet.m */ = {isa = PBXFileReference; fileEncoding = 4; lastKnownFileType = sourcecode.c.objc; path = Pet.m; sourceTree = "<group>"; };
/* End PBXFileReference section */

/* Begin PBXFrameworksBuildPhase section */
		B68236831C4BF2CA00DAB179 /* Frameworks */ = {
			isa = PBXFrameworksBuildPhase;
			buildActionMask = 2147483647;
			files = (
			);
			runOnlyForDeploymentPostprocessing = 0;
		};
/* End PBXFrameworksBuildPhase section */

/* Begin PBXGroup section */
		B682367D1C4BF2CA00DAB179 = {
			isa = PBXGroup;
			children = (
				B68236881C4BF2CA00DAB179 /* PropertyMemory */,
				B68236871C4BF2CA00DAB179 /* Products */,
			);
			sourceTree = "<group>";
		};
		B68236871C4BF2CA00DAB179 /* Products */ = {
			isa = PBXGroup;
			children = (
				B68236861C4BF2CA00DAB179 /* PropertyMemory */,
			);
			name = Products;
			sourceTree = "<group>";
		};
		B68236881C4BF2CA00DAB179 /* PropertyMemory */ = {
			isa = PBXGroup;
			children = (
				B68236891C4BF2CA00DAB179 /* main.m */,
				B68236901C4BF2E400DAB179 /* Person.h */,
				B68236911C4BF2E400DAB179 /* Person.m */,
				B68236931C4BF2ED00DAB179 /* Pet.h */,
				B68236941C4BF2ED00DAB179 /* Pet.m */,
			);
			path = PropertyMemory;
			sourceTree = "<group>";
		};
/* End PBXGroup section */

/* Begin PBXNativeTarget section */
		B68236851C4BF2CA00DAB179 /* PropertyMemory */ = {
			isa = PBXNativeTarget;
			buildConfigurationList = B682368D1C4BF2CA00DAB179 /* Build configuration list for PBXNativeTarget "PropertyMemory" */;
			buildPhases = (
				B68236821C4BF2CA00DAB179 /* Sources */,
				B68236831C4BF2CA00DAB179 /* Frameworks */,
				B68236841C4BF2CA00DAB179 /* CopyFiles */,
			);
			buildRules = (
			);
			dependencies = (
			);
			name = PropertyMemory;
			productName = PropertyMemory;
			productReference = B68236861C4BF2CA00DAB179 /* PropertyMemory */;
			productType = "com.apple.product-type.tool";
		};
/* End PBXNativeTarget section */

/* Begin PBXProject section */
		B682367E1C4BF2CA00DAB179 /* Project object */ = {
			isa = PBXProject;
			attributes = {
				LastUpgradeCheck = 0710;
				ORGANIZATIONNAME = "白洋";
				TargetAttributes = {
					B68236851C4BF2CA00DAB179 = {
						CreatedOnToolsVersion = 7.1;
					};
				};
			};
			buildConfigurationList = B68236811C4BF2CA00DAB179 /* Build configuration list for PBXProject "PropertyMemory" */;
			compatibilityVersion = "Xcode 3.2";
			developmentRegion = English;
			hasScannedForEncodings = 0;
			knownRegions = (
				en,
			);
			mainGroup = B682367D1C4BF2CA00DAB179;
			productRefGroup = B68236871C4BF2CA00DAB179 /* Products */;
			projectDirPath = "";
			projectRoot = "";
			targets = (
				B68236851C4BF2CA00DAB179 /* PropertyMemory */,
			);
		};
/* End PBXProject section */

/* Begin PBXSourcesBuildPhase section */
		B68236821C4BF2CA00DAB179 /* Sources */ = {
			isa = PBXSourcesBuildPhase;
			buildActionMask = 2147483647;
			files = (
				B68236951C4BF2ED00DAB179 /* Pet.m in Sources */,
				B68236921C4BF2E400DAB179 /* Person.m in Sources */,
				B682368A1C4BF2CA00DAB179 /* main.m in Sources */,
			);
			runOnlyForDeploymentPostprocessing = 0;
		};
/* End PBXSourcesBuildPhase section */

/* Begin XCBuildConfiguration section */
		B682368B1C4BF2CA00DAB179 /* Debug */ = {
			isa = XCBuildConfiguration;
			buildSettings = {
				ALWAYS_SEARCH_USER_PATHS = NO;
				CLANG_CXX_LANGUAGE_STANDARD = "gnu++0x";
				CLANG_CXX_LIBRARY = "libc++";
				CLANG_ENABLE_MODULES = YES;
				CLANG_ENABLE_OBJC_ARC = YES;
				CLANG_WARN_BOOL_CONVERSION = YES;
				CLANG_WARN_CONSTANT_CONVERSION = YES;
				CLANG_WARN_DIRECT_OBJC_ISA_USAGE = YES_ERROR;
				CLANG_WARN_EMPTY_BODY = YES;
				CLANG_WARN_ENUM_CONVERSION = YES;
				CLANG_WARN_INT_CONVERSION = YES;
				CLANG_WARN_OBJC_ROOT_CLASS = YES_ERROR;
				CLANG_WARN_UNREACHABLE_CODE = YES;
				CLANG_WARN__DUPLICATE_METHOD_MATCH = YES;
				CODE_SIGN_IDENTITY = "-";
				COPY_PHASE_STRIP = NO;
				DEBUG_INFORMATION_FORMAT = dwarf;
				ENABLE_STRICT_OBJC_MSGSEND = YES;
				ENABLE_TESTABILITY = YES;
				GCC_C_LANGUAGE_STANDARD = gnu99;
				GCC_DYNAMIC_NO_PIC = NO;
				GCC_NO_COMMON_BLOCKS = YES;
				GCC_OPTIMIZATION_LEVEL = 0;
				GCC_PREPROCESSOR_DEFINITIONS = (
					"DEBUG=1",
					"$(inherited)",
				);
				GCC_WARN_64_TO_32_BIT_CONVERSION = YES;
				GCC_WARN_ABOUT_RETURN_TYPE = YES_ERROR;
				GCC_WARN_UNDECLARED_SELECTOR = YES;
				GCC_WARN_UNINITIALIZED_AUTOS = YES_AGGRESSIVE;
				GCC_WARN_UNUSED_FUNCTION = YES;
				GCC_WARN_UNUSED_VARIABLE = YES;
				MACOSX_DEPLOYMENT_TARGET = 10.11;
				MTL_ENABLE_DEBUG_INFO = YES;
				ONLY_ACTIVE_ARCH = YES;
				SDKROOT = macosx;
			};
			name = Debug;
		};
		B682368C1C4BF2CA00DAB179 /* Release */ = {
			isa = XCBuildConfiguration;
			buildSettings = {
				ALWAYS_SEARCH_USER_PATHS = NO;
				CLANG_CXX_LANGUAGE_STANDARD = "gnu++0x";
				CLANG_CXX_LIBRARY = "libc++";
				CLANG_ENABLE_MODULES = YES;
				CLANG_ENABLE_OBJC_ARC = YES;
				CLANG_WARN_BOOL_CONVERSION = YES;
				CLANG_WARN_CONSTANT_CONVERSION = YES;
				CLANG_WARN_DIRECT_OBJC_ISA_USAGE = YES_ERROR;
				CLANG_WARN_EMPTY_BODY = YES;
				CLANG_WARN_ENUM_CONVERSION = YES;
				CLANG_WARN_INT_CONVERSION = YES;
				CLANG_WARN_OBJC_ROOT_CLASS = YES_ERROR;
				CLANG_WARN_UNREACHABLE_CODE = YES;
				CLANG_WARN__DUPLICATE_METHOD_MATCH = YES;
				CODE_SIGN_IDENTITY = "-";
				COPY_PHASE_STRIP = NO;
				DEBUG_INFORMATION_FORMAT = "dwarf-with-dsym";
				ENABLE_NS_ASSERTIONS = NO;
				ENABLE_STRICT_OBJC_MSGSEND = YES;
				GCC_C_LANGUAGE_STANDARD = gnu99;
				GCC_NO_COMMON_BLOCKS = YES;
				GCC_WARN_64_TO_32_BIT_CONVERSION = YES;
				GCC_WARN_ABOUT_RETURN_TYPE = YES_ERROR;
				GCC_WARN_UNDECLARED_SELECTOR = YES;
				GCC_WARN_UNINITIALIZED_AUTOS = YES_AGGRESSIVE;
				GCC_WARN_UNUSED_FUNCTION = YES;
				GCC_WARN_UNUSED_VARIABLE = YES;
				MACOSX_DEPLOYMENT_TARGET = 10.11;
				MTL_ENABLE_DEBUG_INFO = NO;
				SDKROOT = macosx;
			};
			name = Release;
		};
		B682368E1C4BF2CA00DAB179 /* Debug */ = {
			isa = XCBuildConfiguration;
			buildSettings = {
				CLANG_ENABLE_OBJC_ARC = NO;
				PRODUCT_NAME = "$(TARGET_NAME)";
			};
			name = Debug;
		};
		B682368F1C4BF2CA00DAB179 /* Release */ = {
			isa = XCBuildConfiguration;
			buildSettings = {
				CLANG_ENABLE_OBJC_ARC = NO;
				PRODUCT_NAME = "$(TARGET_NAME)";
			};
			name = Release;
		};
/* End XCBuildConfiguration section */

/* Begin XCConfigurationList section */
		B68236811C4BF2CA00DAB179 /* Build configuration list for PBXProject "PropertyMemory" */ = {
			isa = XCConfigurationList;
			buildConfigurations = (
				B682368B1C4BF2CA00DAB179 /* Debug */,
				B682368C1C4BF2CA00DAB179 /* Release */,
			);
			defaultConfigurationIsVisible = 0;
			defaultConfigurationName = Release;
		};
		B682368D1C4BF2CA00DAB179 /* Build configuration list for PBXNativeTarget "PropertyMemory" */ = {
			isa = XCConfigurationList;
			buildConfigurations = (
				B682368E1C4BF2CA00DAB179 /* Debug */,
				B682368F1C4BF2CA00DAB179 /* Release */,
			);
			defaultConfigurationIsVisible = 0;
		};
/* End XCConfigurationList section */
	};
	rootObject = B682367E1C4BF2CA00DAB179 /* Project object */;
}
